Microsoft Visual Studio Solution File, Format Version 12.00
# Visual Studio Version 16
VisualStudioVersion = 16.0.31729.503
MinimumVisualStudioVersion = 10.0.40219.1
Project("{9A19103F-16F7-4668-BE54-9A1E7A4F7556}") = "MudblazorMarkdownTest", "MudblazorMarkdownTest.csproj", "{F2621167-8D50-4330-A299-3DDB6A53B80A}"
EndProject
Global
	GlobalSection(SolutionConfigurationPlatforms) = preSolution
		Debug|Any CPU = Debug|Any CPU
		Release|Any CPU = Release|Any CPU
	EndGlobalSection
	GlobalSection(ProjectConfigurationPlatforms) = postSolution
		{F2621167-8D50-4330-A299-3DDB6A53B80A}.Debug|Any CPU.ActiveCfg = Debug|Any CPU
		{F2621167-8D50-4330-A299-3DDB6A53B80A}.Debug|Any CPU.Build.0 = Debug|Any CPU
		{F2621167-8D50-4330-A299-3DDB6A53B80A}.Release|Any CPU.ActiveCfg = Release|Any CPU
		{F2621167-8D50-4330-A299-3DDB6A53B80A}.Release|Any CPU.Build.0 = Release|Any CPU
	EndGlobalSection
	GlobalSection(SolutionProperties) = preSolution
		HideSolutionNode = FALSE
	EndGlobalSection
	GlobalSection(ExtensibilityGlobals) = postSolution
		SolutionGuid = {B5D9D71F-F562-48F6-A84A-E46D39D38586}
	EndGlobalSection
EndGlobal
